{
  "name": "escape-from-omsk",
  "lockfileVersion": 2,
  "requires": true,
  "packages": {
    "": {
      "dependencies": {
        "pixel-borders": "^1.1.4"
      }
    },
    "node_modules/pixel-borders": {
      "version": "1.1.4",
      "resolved": "https://registry.npmjs.org/pixel-borders/-/pixel-borders-1.1.4.tgz",
      "integrity": "sha512-jBX9MMRsCeYNl1sHnXnAgtBD5hLAMa59/MDvVBZUoeHtsF6t97goigzIPQHvssh8xsQ5w+vF7hqabutbpb0zxA==",
      "engines": {
        "node": ">=4"
      }
    }
  },
  "dependencies": {
    "pixel-borders": {
      "version": "1.1.4",
      "resolved": "https://registry.npmjs.org/pixel-borders/-/pixel-borders-1.1.4.tgz",
      "integrity": "sha512-jBX9MMRsCeYNl1sHnXnAgtBD5hLAMa59/MDvVBZUoeHtsF6t97goigzIPQHvssh8xsQ5w+vF7hqabutbpb0zxA=="
    }
  }
}
